
Microsoft Visual Studio Solution File, Format Version 12.00
# Visual Studio Version 17
VisualStudioVersion = 17.6.33723.286
MinimumVisualStudioVersion = 10.0.40219.1
Project("{FAE04EC0-301F-11D3-BF4B-00C04F79EFBC}") = "HotelReservation", "HotelReservation\HotelReservation.csproj", "{B1351E3C-6B30-44C0-9412-B7F77DB3F78F}"
EndProject
Global
	GlobalSection(SolutionConfigurationPlatforms) = preSolution
		Debug|Any CPU = Debug|Any CPU
		Release|Any CPU = Release|Any CPU
	EndGlobalSection
	GlobalSection(ProjectConfigurationPlatforms) = postSolution
		{B1351E3C-6B30-44C0-9412-B7F77DB3F78F}.Debug|Any CPU.ActiveCfg = Debug|Any CPU
		{B1351E3C-6B30-44C0-9412-B7F77DB3F78F}.Debug|Any CPU.Build.0 = Debug|Any CPU
		{B1351E3C-6B30-44C0-9412-B7F77DB3F78F}.Release|Any CPU.ActiveCfg = Release|Any CPU
		{B1351E3C-6B30-44C0-9412-B7F77DB3F78F}.Release|Any CPU.Build.0 = Release|Any CPU
	EndGlobalSection
	GlobalSection(SolutionProperties) = preSolution
		HideSolutionNode = FALSE
	EndGlobalSection
	GlobalSection(ExtensibilityGlobals) = postSolution
		SolutionGuid = {D00219FC-AD05-43CF-AE13-32A6907EA469}
	EndGlobalSection
EndGlobal
